Microsoft Visual Studio Solution File, Format Version 12.00
# Visual Studio Version 17
VisualStudioVersion = 17.5.2.0
MinimumVisualStudioVersion = 10.0.40219.1
Project("{FAE04EC0-301F-11D3-BF4B-00C04F79EFBC}") = "qodo_calcluator_best_practices", "qodo_calcluator_best_practices.csproj", "{B6BA1477-85ED-8AC0-5DCC-13DAC61EF15C}"
EndProject
Global
	GlobalSection(SolutionConfigurationPlatforms) = preSolution
		Debug|Any CPU = Debug|Any CPU
		Release|Any CPU = Release|Any CPU
	EndGlobalSection
	GlobalSection(ProjectConfigurationPlatforms) = postSolution
		{B6BA1477-85ED-8AC0-5DCC-13DAC61EF15C}.Debug|Any CPU.ActiveCfg = Debug|Any CPU
		{B6BA1477-85ED-8AC0-5DCC-13DAC61EF15C}.Debug|Any CPU.Build.0 = Debug|Any CPU
		{B6BA1477-85ED-8AC0-5DCC-13DAC61EF15C}.Release|Any CPU.ActiveCfg = Release|Any CPU
		{B6BA1477-85ED-8AC0-5DCC-13DAC61EF15C}.Release|Any CPU.Build.0 = Release|Any CPU
	EndGlobalSection
	GlobalSection(SolutionProperties) = preSolution
		HideSolutionNode = FALSE
	EndGlobalSection
	GlobalSection(ExtensibilityGlobals) = postSolution
		SolutionGuid = {4D0F965B-6E98-4D86-AC39-B49641F602DC}
	EndGlobalSection
EndGlobal
